
Microsoft Visual Studio Solution File, Format Version 12.00
# Visual Studio Version 16
VisualStudioVersion = 16.0.30717.126
MinimumVisualStudioVersion = 10.0.40219.1
Project("{FAE04EC0-301F-11D3-BF4B-00C04F79EFBC}") = "Game", "Game.csproj", "{E4C0F6C0-B70F-433D-B2DE-4020F4ECF38A}"
EndProject
Project("{FAE04EC0-301F-11D3-BF4B-00C04F79EFBC}") = "TotoroTests", "TotoroTests\TotoroTests.csproj", "{1B42C9AE-95B2-4CB0-8367-CBF8E0A05650}"
EndProject
Global
	GlobalSection(SolutionConfigurationPlatforms) = preSolution
		Debug|Any CPU = Debug|Any CPU
		Release|Any CPU = Release|Any CPU
	EndGlobalSection
	GlobalSection(ProjectConfigurationPlatforms) = postSolution
		{E4C0F6C0-B70F-433D-B2DE-4020F4ECF38A}.Debug|Any CPU.ActiveCfg = Debug|Any CPU
		{E4C0F6C0-B70F-433D-B2DE-4020F4ECF38A}.Debug|Any CPU.Build.0 = Debug|Any CPU
		{E4C0F6C0-B70F-433D-B2DE-4020F4ECF38A}.Release|Any CPU.ActiveCfg = Release|Any CPU
		{E4C0F6C0-B70F-433D-B2DE-4020F4ECF38A}.Release|Any CPU.Build.0 = Release|Any CPU
		{1B42C9AE-95B2-4CB0-8367-CBF8E0A05650}.Debug|Any CPU.ActiveCfg = Debug|Any CPU
		{1B42C9AE-95B2-4CB0-8367-CBF8E0A05650}.Debug|Any CPU.Build.0 = Debug|Any CPU
		{1B42C9AE-95B2-4CB0-8367-CBF8E0A05650}.Release|Any CPU.ActiveCfg = Release|Any CPU
		{1B42C9AE-95B2-4CB0-8367-CBF8E0A05650}.Release|Any CPU.Build.0 = Release|Any CPU
	EndGlobalSection
	GlobalSection(SolutionProperties) = preSolution
		HideSolutionNode = FALSE
	EndGlobalSection
	GlobalSection(ExtensibilityGlobals) = postSolution
		SolutionGuid = {A22514B1-F9AC-4B57-ACFE-8AC8346CE617}
	EndGlobalSection
EndGlobal
